{
  "lockfile_version": "1",
  "packages": {
    "aws-shell@latest": {
      "last_modified": "2025-03-11T17:52:14Z",
      "resolved": "github:NixOS/nixpkgs/0d534853a55b5d02a4ababa1d71921ce8f0aee4c#aws-shell",
      "source": "devbox-search",
      "version": "0.2.2",
      "systems": {
        "aarch64-darwin": {
          "outputs": [
            {
              "name": "out",
              "path": "/nix/store/xdc67dza2zqyki0qdfy7qmvai610dl5q-aws-shell-0.2.2",
              "default": true
            },
            {
              "name": "dist",
              "path": "/nix/store/6vxshvshp6d867m657x89syaddd9w6l7-aws-shell-0.2.2-dist"
            }
          ],
          "store_path": "/nix/store/xdc67dza2zqyki0qdfy7qmvai610dl5q-aws-shell-0.2.2"
        },
        "aarch64-linux": {
          "outputs": [
            {
              "name": "out",
              "path": "/nix/store/c865v8acq55r0br9hxrsg7gx1hc8acz3-aws-shell-0.2.2",
              "default": true
            },
            {
              "name": "dist",
              "path": "/nix/store/3dirfqy3rb02n3a6yzz7xcsl7wmi4fw3-aws-shell-0.2.2-dist"
            }
          ],
          "store_path": "/nix/store/c865v8acq55r0br9hxrsg7gx1hc8acz3-aws-shell-0.2.2"
        },
        "x86_64-darwin": {
          "outputs": [
            {
              "name": "out",
              "path": "/nix/store/8clmaz3g2l981vmavl7qil6l1bmjfc35-aws-shell-0.2.2",
              "default": true
            },
            {
              "name": "dist",
              "path": "/nix/store/mq5z4v99k5qkjmcj7s1wsxkdz57h7p4y-aws-shell-0.2.2-dist"
            }
          ],
          "store_path": "/nix/store/8clmaz3g2l981vmavl7qil6l1bmjfc35-aws-shell-0.2.2"
        },
        "x86_64-linux": {
          "outputs": [
            {
              "name": "out",
              "path": "/nix/store/3jacv7h3b9i4wkzkn2vcvgr96gycqipw-aws-shell-0.2.2",
              "default": true
            },
            {
              "name": "dist",
              "path": "/nix/store/ys62rpvj832303x6vqqz31p2xn6ssj7n-aws-shell-0.2.2-dist"
            }
          ],
          "store_path": "/nix/store/3jacv7h3b9i4wkzkn2vcvgr96gycqipw-aws-shell-0.2.2"
        }
      }
    },
    "github:NixOS/nixpkgs/nixpkgs-unstable": {
      "resolved": "github:NixOS/nixpkgs/94c4dbe77c0740ebba36c173672ca15a7926c993?lastModified=1742578646&narHash=sha256-GiQ40ndXRnmmbDZvuv762vS%2Bgew1uDpFwOfgJ8tLiEs%3D"
    },
    "nodejs@latest": {
      "last_modified": "2025-03-16T16:17:41Z",
      "plugin_version": "0.0.2",
      "resolved": "github:NixOS/nixpkgs/8f76cf16b17c51ae0cc8e55488069593f6dab645#nodejs_23",
      "source": "devbox-search",
      "version": "23.10.0",
      "systems": {
        "aarch64-darwin": {
          "outputs": [
            {
              "name": "out",
              "path": "/nix/store/yph39j7h2a593qmfrnqd4ajpapr4z01z-nodejs-23.10.0",
              "default": true
            },
            {
              "name": "libv8",
              "path": "/nix/store/vfnby8fg48rmsndmq9c03kr452i4scgq-nodejs-23.10.0-libv8"
            }
          ],
          "store_path": "/nix/store/yph39j7h2a593qmfrnqd4ajpapr4z01z-nodejs-23.10.0"
        },
        "aarch64-linux": {
          "outputs": [
            {
              "name": "out",
              "path": "/nix/store/1kyg749m82ay2j4kkhaqlr4cp56i5h4h-nodejs-23.10.0",
              "default": true
            },
            {
              "name": "libv8",
              "path": "/nix/store/0pfi6zsdlri5p8dyvgna336kw2hb1cwg-nodejs-23.10.0-libv8"
            }
          ],
          "store_path": "/nix/store/1kyg749m82ay2j4kkhaqlr4cp56i5h4h-nodejs-23.10.0"
        },
        "x86_64-darwin": {
          "outputs": [
            {
              "name": "out",
              "path": "/nix/store/nj0d1lc4nanqj7v4ibcgd26m3p5yfb0h-nodejs-23.10.0",
              "default": true
            },
            {
              "name": "libv8",
              "path": "/nix/store/k5rvmvqyibamfxa7cfzjfd5ldmi38kf3-nodejs-23.10.0-libv8"
            }
          ],
          "store_path": "/nix/store/nj0d1lc4nanqj7v4ibcgd26m3p5yfb0h-nodejs-23.10.0"
        },
        "x86_64-linux": {
          "outputs": [
            {
              "name": "out",
              "path": "/nix/store/m7imcmwi4hschl257dzc33gxciqlf4bm-nodejs-23.10.0",
              "default": true
            },
            {
              "name": "libv8",
              "path": "/nix/store/wy7ysxmd2ygdc5zpbhf9ripwgvvvnwsd-nodejs-23.10.0-libv8"
            }
          ],
          "store_path": "/nix/store/m7imcmwi4hschl257dzc33gxciqlf4bm-nodejs-23.10.0"
        }
      }
    },
    "pnpm@latest": {
      "last_modified": "2025-03-16T16:17:41Z",
      "resolved": "github:NixOS/nixpkgs/8f76cf16b17c51ae0cc8e55488069593f6dab645#pnpm",
      "source": "devbox-search",
      "version": "10.6.3",
      "systems": {
        "aarch64-darwin": {
          "outputs": [
            {
              "name": "out",
              "path": "/nix/store/l0y8lg6hf8d3dcqlblf6azg3pgrmxk3h-pnpm-10.6.3",
              "default": true
            }
          ],
          "store_path": "/nix/store/l0y8lg6hf8d3dcqlblf6azg3pgrmxk3h-pnpm-10.6.3"
        },
        "aarch64-linux": {
          "outputs": [
            {
              "name": "out",
              "path": "/nix/store/hz3gb73iijipqvf8ghid066pdhg1gbx5-pnpm-10.6.3",
              "default": true
            }
          ],
          "store_path": "/nix/store/hz3gb73iijipqvf8ghid066pdhg1gbx5-pnpm-10.6.3"
        },
        "x86_64-darwin": {
          "outputs": [
            {
              "name": "out",
              "path": "/nix/store/73n49s5icjskippv48pn4swgr1qsxllv-pnpm-10.6.3",
              "default": true
            }
          ],
          "store_path": "/nix/store/73n49s5icjskippv48pn4swgr1qsxllv-pnpm-10.6.3"
        },
        "x86_64-linux": {
          "outputs": [
            {
              "name": "out",
              "path": "/nix/store/nrx9a9adgnhspm5lqgcyl9vycsyqwfyh-pnpm-10.6.3",
              "default": true
            }
          ],
          "store_path": "/nix/store/nrx9a9adgnhspm5lqgcyl9vycsyqwfyh-pnpm-10.6.3"
        }
      }
    }
  }
}
